
Microsoft Visual Studio Solution File, Format Version 12.00
# Visual Studio 15
VisualStudioVersion = 15.0.26430.12
MinimumVisualStudioVersion = 10.0.40219.1
Project("{9A19103F-16F7-4668-BE54-9A1E7A4F7556}") = "NetCoreDemo.Data", "NetCoreDemo.Data\NetCoreDemo.Data.csproj", "{5D358670-0FF9-4DB6-BEDD-20AADED9A50A}"
EndProject
Project("{FAE04EC0-301F-11D3-BF4B-00C04F79EFBC}") = "NetCoreDemo.Repository", "NetCoreDemo.Repository\NetCoreDemo.Repository.csproj", "{75914504-F906-4FD9-A484-9FB1B65EA32C}"
EndProject
Project("{FAE04EC0-301F-11D3-BF4B-00C04F79EFBC}") = "NetCoreDemo.Service", "NetCoreDemo.Service\NetCoreDemo.Service.csproj", "{4B4B8D71-A7E7-4998-8ACA-E03ABE26A0EE}"
EndProject
Project("{FAE04EC0-301F-11D3-BF4B-00C04F79EFBC}") = "NetCoreDemo.API", "NetCoreDemo.API\NetCoreDemo.API.csproj", "{A79EC71C-0BB3-4732-88E9-E301BADE797D}"
EndProject
Project("{9A19103F-16F7-4668-BE54-9A1E7A4F7556}") = "NetCoreDemo.Test", "NetCoreDemo.Test\NetCoreDemo.Test.csproj", "{A3EF7E07-755D-4419-8347-A63772888B47}"
EndProject
Project("{2150E333-8FDC-42A3-9474-1A3956D46DE8}") = "BackEnd", "BackEnd", "{EE67C599-F3CD-48EB-806C-A2D4193986FA}"
EndProject
Project("{2150E333-8FDC-42A3-9474-1A3956D46DE8}") = "FrontEnd", "FrontEnd", "{448B351F-C275-4287-ADE1-AF971FBF5166}"
EndProject
Project("{2150E333-8FDC-42A3-9474-1A3956D46DE8}") = "Test", "Test", "{34A5B711-9EC5-457D-A994-DEA260653EB2}"
EndProject
Project("{9A19103F-16F7-4668-BE54-9A1E7A4F7556}") = "NetCoreDemo.Web", "NetCoreDemo.Web\NetCoreDemo.Web.csproj", "{EDFFC2F9-36F4-4997-8C2F-508063B11934}"
EndProject
Global
	GlobalSection(SolutionConfigurationPlatforms) = preSolution
		Debug|Any CPU = Debug|Any CPU
		Release|Any CPU = Release|Any CPU
	EndGlobalSection
	GlobalSection(ProjectConfigurationPlatforms) = postSolution
		{5D358670-0FF9-4DB6-BEDD-20AADED9A50A}.Debug|Any CPU.ActiveCfg = Debug|Any CPU
		{5D358670-0FF9-4DB6-BEDD-20AADED9A50A}.Debug|Any CPU.Build.0 = Debug|Any CPU
		{5D358670-0FF9-4DB6-BEDD-20AADED9A50A}.Release|Any CPU.ActiveCfg = Release|Any CPU
		{5D358670-0FF9-4DB6-BEDD-20AADED9A50A}.Release|Any CPU.Build.0 = Release|Any CPU
		{75914504-F906-4FD9-A484-9FB1B65EA32C}.Debug|Any CPU.ActiveCfg = Debug|Any CPU
		{75914504-F906-4FD9-A484-9FB1B65EA32C}.Debug|Any CPU.Build.0 = Debug|Any CPU
		{75914504-F906-4FD9-A484-9FB1B65EA32C}.Release|Any CPU.ActiveCfg = Release|Any CPU
		{75914504-F906-4FD9-A484-9FB1B65EA32C}.Release|Any CPU.Build.0 = Release|Any CPU
		{4B4B8D71-A7E7-4998-8ACA-E03ABE26A0EE}.Debug|Any CPU.ActiveCfg = Debug|Any CPU
		{4B4B8D71-A7E7-4998-8ACA-E03ABE26A0EE}.Debug|Any CPU.Build.0 = Debug|Any CPU
		{4B4B8D71-A7E7-4998-8ACA-E03ABE26A0EE}.Release|Any CPU.ActiveCfg = Release|Any CPU
		{4B4B8D71-A7E7-4998-8ACA-E03ABE26A0EE}.Release|Any CPU.Build.0 = Release|Any CPU
		{A79EC71C-0BB3-4732-88E9-E301BADE797D}.Debug|Any CPU.ActiveCfg = Debug|Any CPU
		{A79EC71C-0BB3-4732-88E9-E301BADE797D}.Debug|Any CPU.Build.0 = Debug|Any CPU
		{A79EC71C-0BB3-4732-88E9-E301BADE797D}.Release|Any CPU.ActiveCfg = Release|Any CPU
		{A79EC71C-0BB3-4732-88E9-E301BADE797D}.Release|Any CPU.Build.0 = Release|Any CPU
		{A3EF7E07-755D-4419-8347-A63772888B47}.Debug|Any CPU.ActiveCfg = Debug|Any CPU
		{A3EF7E07-755D-4419-8347-A63772888B47}.Debug|Any CPU.Build.0 = Debug|Any CPU
		{A3EF7E07-755D-4419-8347-A63772888B47}.Release|Any CPU.ActiveCfg = Release|Any CPU
		{A3EF7E07-755D-4419-8347-A63772888B47}.Release|Any CPU.Build.0 = Release|Any CPU
		{EDFFC2F9-36F4-4997-8C2F-508063B11934}.Debug|Any CPU.ActiveCfg = Debug|Any CPU
		{EDFFC2F9-36F4-4997-8C2F-508063B11934}.Debug|Any CPU.Build.0 = Debug|Any CPU
		{EDFFC2F9-36F4-4997-8C2F-508063B11934}.Release|Any CPU.ActiveCfg = Release|Any CPU
		{EDFFC2F9-36F4-4997-8C2F-508063B11934}.Release|Any CPU.Build.0 = Release|Any CPU
	EndGlobalSection
	GlobalSection(SolutionProperties) = preSolution
		HideSolutionNode = FALSE
	EndGlobalSection
	GlobalSection(NestedProjects) = preSolution
		{5D358670-0FF9-4DB6-BEDD-20AADED9A50A} = {EE67C599-F3CD-48EB-806C-A2D4193986FA}
		{75914504-F906-4FD9-A484-9FB1B65EA32C} = {EE67C599-F3CD-48EB-806C-A2D4193986FA}
		{4B4B8D71-A7E7-4998-8ACA-E03ABE26A0EE} = {EE67C599-F3CD-48EB-806C-A2D4193986FA}
		{A79EC71C-0BB3-4732-88E9-E301BADE797D} = {EE67C599-F3CD-48EB-806C-A2D4193986FA}
		{A3EF7E07-755D-4419-8347-A63772888B47} = {34A5B711-9EC5-457D-A994-DEA260653EB2}
		{EDFFC2F9-36F4-4997-8C2F-508063B11934} = {448B351F-C275-4287-ADE1-AF971FBF5166}
	EndGlobalSection
EndGlobal
